
Microsoft Visual Studio Solution File, Format Version 12.00
# Visual Studio Version 16
VisualStudioVersion = 16.0.31112.23
MinimumVisualStudioVersion = 10.0.40219.1
Project("{FAE04EC0-301F-11D3-BF4B-00C04F79EFBC}") = "CapaDatos", "CapaDatos\CapaDatos.csproj", "{64A09B92-E576-444E-BFA1-75E02D89132E}"
EndProject
Project("{FAE04EC0-301F-11D3-BF4B-00C04F79EFBC}") = "CapaNegocio", "CapaNegocio\CapaNegocio.csproj", "{EB8A48BB-B74E-412D-A756-4E0D5F6A0923}"
EndProject
Project("{FAE04EC0-301F-11D3-BF4B-00C04F79EFBC}") = "CapaEntidades", "CapaEntidades\CapaEntidades.csproj", "{DB41BEE9-AEEE-4814-96B9-B5C562BDEA2B}"
EndProject
Project("{FAE04EC0-301F-11D3-BF4B-00C04F79EFBC}") = "CapaPresentacion", "CapaPresentacion\CapaPresentacion.csproj", "{EBB4A5EF-1B20-4246-B6DB-374C9487AF95}"
EndProject
Project("{FAE04EC0-301F-11D3-BF4B-00C04F79EFBC}") = "Reportes", "Reportes\Reportes.csproj", "{FFCDB4CC-F990-438D-B839-0C33AC6156BC}"
EndProject
Global
	GlobalSection(SolutionConfigurationPlatforms) = preSolution
		Debug|Any CPU = Debug|Any CPU
		Release|Any CPU = Release|Any CPU
	EndGlobalSection
	GlobalSection(ProjectConfigurationPlatforms) = postSolution
		{64A09B92-E576-444E-BFA1-75E02D89132E}.Debug|Any CPU.ActiveCfg = Debug|Any CPU
		{64A09B92-E576-444E-BFA1-75E02D89132E}.Debug|Any CPU.Build.0 = Debug|Any CPU
		{64A09B92-E576-444E-BFA1-75E02D89132E}.Release|Any CPU.ActiveCfg = Release|Any CPU
		{64A09B92-E576-444E-BFA1-75E02D89132E}.Release|Any CPU.Build.0 = Release|Any CPU
		{EB8A48BB-B74E-412D-A756-4E0D5F6A0923}.Debug|Any CPU.ActiveCfg = Debug|Any CPU
		{EB8A48BB-B74E-412D-A756-4E0D5F6A0923}.Debug|Any CPU.Build.0 = Debug|Any CPU
		{EB8A48BB-B74E-412D-A756-4E0D5F6A0923}.Release|Any CPU.ActiveCfg = Release|Any CPU
		{EB8A48BB-B74E-412D-A756-4E0D5F6A0923}.Release|Any CPU.Build.0 = Release|Any CPU
		{DB41BEE9-AEEE-4814-96B9-B5C562BDEA2B}.Debug|Any CPU.ActiveCfg = Debug|Any CPU
		{DB41BEE9-AEEE-4814-96B9-B5C562BDEA2B}.Debug|Any CPU.Build.0 = Debug|Any CPU
		{DB41BEE9-AEEE-4814-96B9-B5C562BDEA2B}.Release|Any CPU.ActiveCfg = Release|Any CPU
		{DB41BEE9-AEEE-4814-96B9-B5C562BDEA2B}.Release|Any CPU.Build.0 = Release|Any CPU
		{EBB4A5EF-1B20-4246-B6DB-374C9487AF95}.Debug|Any CPU.ActiveCfg = Debug|Any CPU
		{EBB4A5EF-1B20-4246-B6DB-374C9487AF95}.Debug|Any CPU.Build.0 = Debug|Any CPU
		{EBB4A5EF-1B20-4246-B6DB-374C9487AF95}.Release|Any CPU.ActiveCfg = Release|Any CPU
		{EBB4A5EF-1B20-4246-B6DB-374C9487AF95}.Release|Any CPU.Build.0 = Release|Any CPU
		{FFCDB4CC-F990-438D-B839-0C33AC6156BC}.Debug|Any CPU.ActiveCfg = Debug|Any CPU
		{FFCDB4CC-F990-438D-B839-0C33AC6156BC}.Debug|Any CPU.Build.0 = Debug|Any CPU
		{FFCDB4CC-F990-438D-B839-0C33AC6156BC}.Release|Any CPU.ActiveCfg = Release|Any CPU
		{FFCDB4CC-F990-438D-B839-0C33AC6156BC}.Release|Any CPU.Build.0 = Release|Any CPU
	EndGlobalSection
	GlobalSection(SolutionProperties) = preSolution
		HideSolutionNode = FALSE
	EndGlobalSection
	GlobalSection(ExtensibilityGlobals) = postSolution
		SolutionGuid = {B7E1C500-2D60-4803-9930-739386C6774F}
	EndGlobalSection
EndGlobal
